// !$*UTF8*$!
{
	archiveVersion = 1;
	classes = {
	};
	objectVersion = 51;
	objects = {

/* Begin PBXBuildFile section */
		3A868E36C08612CC22350615 /* Pods_Sha_Uber_App_MVVM.framework in Frameworks */ = {isa = PBXBuildFile; fileRef = 4CE558BCAA348369491F5E30 /* Pods_Sha_Uber_App_MVVM.framework */; };
		DB1314672666000A00FE19DC /* AppDelegate.swift in Sources */ = {isa = PBXBuildFile; fileRef = DB1314662666000A00FE19DC /* AppDelegate.swift */; };
		DB1314692666000A00FE19DC /* SceneDelegate.swift in Sources */ = {isa = PBXBuildFile; fileRef = DB1314682666000A00FE19DC /* SceneDelegate.swift */; };
		DB13146E2666000A00FE19DC /* Main.storyboard in Resources */ = {isa = PBXBuildFile; fileRef = DB13146C2666000A00FE19DC /* Main.storyboard */; };
		DB1314702666000C00FE19DC /* Assets.xcassets in Resources */ = {isa = PBXBuildFile; fileRef = DB13146F2666000C00FE19DC /* Assets.xcassets */; };
		DB1314732666000C00FE19DC /* LaunchScreen.storyboard in Resources */ = {isa = PBXBuildFile; fileRef = DB1314712666000C00FE19DC /* LaunchScreen.storyboard */; };
		DB1314822666014000FE19DC /* LoginViewController.swift in Sources */ = {isa = PBXBuildFile; fileRef = DB1314812666014000FE19DC /* LoginViewController.swift */; };
		DB1314862666090100FE19DC /* Extensions.swift in Sources */ = {isa = PBXBuildFile; fileRef = DB1314852666090100FE19DC /* Extensions.swift */; };
		DB13148826664D8A00FE19DC /* RegistrationViewController.swift in Sources */ = {isa = PBXBuildFile; fileRef = DB13148726664D8A00FE19DC /* RegistrationViewController.swift */; };
		DB13148B2666590500FE19DC /* AuthButton.swift in Sources */ = {isa = PBXBuildFile; fileRef = DB13148A2666590500FE19DC /* AuthButton.swift */; };
		DB13148D26665FCF00FE19DC /* GoogleService-Info.plist in Resources */ = {isa = PBXBuildFile; fileRef = DB13148C26665FCF00FE19DC /* GoogleService-Info.plist */; };
		DB13148F2666667C00FE19DC /* AuthenticationViewModel.swift in Sources */ = {isa = PBXBuildFile; fileRef = DB13148E2666667C00FE19DC /* AuthenticationViewModel.swift */; };
		DB131491266666C800FE19DC /* AuthService.swift in Sources */ = {isa = PBXBuildFile; fileRef = DB131490266666C800FE19DC /* AuthService.swift */; };
		DB131493266758D400FE19DC /* HomeViewController.swift in Sources */ = {isa = PBXBuildFile; fileRef = DB131492266758D400FE19DC /* HomeViewController.swift */; };
		DB13149526675AA100FE19DC /* README.md in Resources */ = {isa = PBXBuildFile; fileRef = DB13149426675AA100FE19DC /* README.md */; };
		DB13149726676DD500FE19DC /* LocationInputActivationView.swift in Sources */ = {isa = PBXBuildFile; fileRef = DB13149626676DD500FE19DC /* LocationInputActivationView.swift */; };
		DB1314992667850200FE19DC /* LocationInputView.swift in Sources */ = {isa = PBXBuildFile; fileRef = DB1314982667850200FE19DC /* LocationInputView.swift */; };
		DB13149B26680F4700FE19DC /* LocationCell.swift in Sources */ = {isa = PBXBuildFile; fileRef = DB13149A26680F4700FE19DC /* LocationCell.swift */; };
		DBEB7B0B2670C12A00B8535F /* UserViewModel.swift in Sources */ = {isa = PBXBuildFile; fileRef = DBEB7B0A2670C12A00B8535F /* UserViewModel.swift */; };
		DBEB7B0D2670C14A00B8535F /* UserModel.swift in Sources */ = {isa = PBXBuildFile; fileRef = DBEB7B0C2670C14A00B8535F /* UserModel.swift */; };
		DBEB7B112670C83100B8535F /* ProfileService.swift in Sources */ = {isa = PBXBuildFile; fileRef = DBEB7B102670C83100B8535F /* ProfileService.swift */; };
		DBEB7B1326721C4100B8535F /* LocationHandler.swift in Sources */ = {isa = PBXBuildFile; fileRef = DBEB7B1226721C4100B8535F /* LocationHandler.swift */; };
/* End PBXBuildFile section */

/* Begin PBXFileReference section */
		00061D6137370BB9D0A74CBA /* Pods-Sha_Uber_App_MVVM.release.xcconfig */ = {isa = PBXFileReference; includeInIndex = 1; lastKnownFileType = text.xcconfig; name = "Pods-Sha_Uber_App_MVVM.release.xcconfig"; path = "Target Support Files/Pods-Sha_Uber_App_MVVM/Pods-Sha_Uber_App_MVVM.release.xcconfig"; sourceTree = "<group>"; };
		4CE558BCAA348369491F5E30 /* Pods_Sha_Uber_App_MVVM.framework */ = {isa = PBXFileReference; explicitFileType = wrapper.framework; includeInIndex = 0; path = Pods_Sha_Uber_App_MVVM.framework; sourceTree = BUILT_PRODUCTS_DIR; };
		B077C79187FEFE839D02704A /* Pods-Sha_Uber_App_MVVM.debug.xcconfig */ = {isa = PBXFileReference; includeInIndex = 1; lastKnownFileType = text.xcconfig; name = "Pods-Sha_Uber_App_MVVM.debug.xcconfig"; path = "Target Support Files/Pods-Sha_Uber_App_MVVM/Pods-Sha_Uber_App_MVVM.debug.xcconfig"; sourceTree = "<group>"; };
		DB1314632666000A00FE19DC /* Sha_Uber_App_MVVM.app */ = {isa = PBXFileReference; explicitFileType = wrapper.application; includeInIndex = 0; path = Sha_Uber_App_MVVM.app; sourceTree = BUILT_PRODUCTS_DIR; };
		DB1314662666000A00FE19DC /* AppDelegate.swift */ = {isa = PBXFileReference; lastKnownFileType = sourcecode.swift; path = AppDelegate.swift; sourceTree = "<group>"; };
		DB1314682666000A00FE19DC /* SceneDelegate.swift */ = {isa = PBXFileReference; lastKnownFileType = sourcecode.swift; path = SceneDelegate.swift; sourceTree = "<group>"; };
		DB13146D2666000A00FE19DC /* Base */ = {isa = PBXFileReference; lastKnownFileType = file.storyboard; name = Base; path = Base.lproj/Main.storyboard; sourceTree = "<group>"; };
		DB13146F2666000C00FE19DC /* Assets.xcassets */ = {isa = PBXFileReference; lastKnownFileType = folder.assetcatalog; path = Assets.xcassets; sourceTree = "<group>"; };
		DB1314722666000C00FE19DC /* Base */ = {isa = PBXFileReference; lastKnownFileType = file.storyboard; name = Base; path = Base.lproj/LaunchScreen.storyboard; sourceTree = "<group>"; };
		DB1314742666000C00FE19DC /* Info.plist */ = {isa = PBXFileReference; lastKnownFileType = text.plist.xml; path = Info.plist; sourceTree = "<group>"; };
		DB1314812666014000FE19DC /* LoginViewController.swift */ = {isa = PBXFileReference; lastKnownFileType = sourcecode.swift; path = LoginViewController.swift; sourceTree = "<group>"; };
		DB1314852666090100FE19DC /* Extensions.swift */ = {isa = PBXFileReference; lastKnownFileType = sourcecode.swift; path = Extensions.swift; sourceTree = "<group>"; };
		DB13148726664D8A00FE19DC /* RegistrationViewController.swift */ = {isa = PBXFileReference; lastKnownFileType = sourcecode.swift; path = RegistrationViewController.swift; sourceTree = "<group>"; };
		DB13148A2666590500FE19DC /* AuthButton.swift */ = {isa = PBXFileReference; lastKnownFileType = sourcecode.swift; path = AuthButton.swift; sourceTree = "<group>"; };
		DB13148C26665FCF00FE19DC /* GoogleService-Info.plist */ = {isa = PBXFileReference; fileEncoding = 4; lastKnownFileType = text.plist.xml; path = "GoogleService-Info.plist"; sourceTree = "<group>"; };
		DB13148E2666667C00FE19DC /* AuthenticationViewModel.swift */ = {isa = PBXFileReference; lastKnownFileType = sourcecode.swift; path = AuthenticationViewModel.swift; sourceTree = "<group>"; };
		DB131490266666C800FE19DC /* AuthService.swift */ = {isa = PBXFileReference; lastKnownFileType = sourcecode.swift; path = AuthService.swift; sourceTree = "<group>"; };
		DB131492266758D400FE19DC /* HomeViewController.swift */ = {isa = PBXFileReference; lastKnownFileType = sourcecode.swift; path = HomeViewController.swift; sourceTree = "<group>"; };
		DB13149426675AA100FE19DC /* README.md */ = {isa = PBXFileReference; fileEncoding = 4; lastKnownFileType = net.daringfireball.markdown; name = README.md; path = ../README.md; sourceTree = "<group>"; };
		DB13149626676DD500FE19DC /* LocationInputActivationView.swift */ = {isa = PBXFileReference; lastKnownFileType = sourcecode.swift; path = LocationInputActivationView.swift; sourceTree = "<group>"; };
		DB1314982667850200FE19DC /* LocationInputView.swift */ = {isa = PBXFileReference; lastKnownFileType = sourcecode.swift; path = LocationInputView.swift; sourceTree = "<group>"; };
		DB13149A26680F4700FE19DC /* LocationCell.swift */ = {isa = PBXFileReference; lastKnownFileType = sourcecode.swift; path = LocationCell.swift; sourceTree = "<group>"; };
		DBEB7B0A2670C12A00B8535F /* UserViewModel.swift */ = {isa = PBXFileReference; lastKnownFileType = sourcecode.swift; path = UserViewModel.swift; sourceTree = "<group>"; };
		DBEB7B0C2670C14A00B8535F /* UserModel.swift */ = {isa = PBXFileReference; lastKnownFileType = sourcecode.swift; path = UserModel.swift; sourceTree = "<group>"; };
		DBEB7B102670C83100B8535F /* ProfileService.swift */ = {isa = PBXFileReference; lastKnownFileType = sourcecode.swift; path = ProfileService.swift; sourceTree = "<group>"; };
		DBEB7B1226721C4100B8535F /* LocationHandler.swift */ = {isa = PBXFileReference; lastKnownFileType = sourcecode.swift; path = LocationHandler.swift; sourceTree = "<group>"; };
/* End PBXFileReference section */

/* Begin PBXFrameworksBuildPhase section */
		DB1314602666000A00FE19DC /* Frameworks */ = {
			isa = PBXFrameworksBuildPhase;
			buildActionMask = 2147483647;
			files = (
				3A868E36C08612CC22350615 /* Pods_Sha_Uber_App_MVVM.framework in Frameworks */,
			);
			runOnlyForDeploymentPostprocessing = 0;
		};
/* End PBXFrameworksBuildPhase section */

/* Begin PBXGroup section */
		712268C02E90BDE1CADB4798 /* Pods */ = {
			isa = PBXGroup;
			children = (
				B077C79187FEFE839D02704A /* Pods-Sha_Uber_App_MVVM.debug.xcconfig */,
				00061D6137370BB9D0A74CBA /* Pods-Sha_Uber_App_MVVM.release.xcconfig */,
			);
			path = Pods;
			sourceTree = "<group>";
		};
		8BE420A9D4443B3DC24D600D /* Frameworks */ = {
			isa = PBXGroup;
			children = (
				4CE558BCAA348369491F5E30 /* Pods_Sha_Uber_App_MVVM.framework */,
			);
			name = Frameworks;
			sourceTree = "<group>";
		};
		DB13145A2666000A00FE19DC = {
			isa = PBXGroup;
			children = (
				DB13149426675AA100FE19DC /* README.md */,
				DB1314652666000A00FE19DC /* Sha_Uber_App_MVVM */,
				DB1314642666000A00FE19DC /* Products */,
				712268C02E90BDE1CADB4798 /* Pods */,
				8BE420A9D4443B3DC24D600D /* Frameworks */,
			);
			sourceTree = "<group>";
		};
		DB1314642666000A00FE19DC /* Products */ = {
			isa = PBXGroup;
			children = (
				DB1314632666000A00FE19DC /* Sha_Uber_App_MVVM.app */,
			);
			name = Products;
			sourceTree = "<group>";
		};
		DB1314652666000A00FE19DC /* Sha_Uber_App_MVVM */ = {
			isa = PBXGroup;
			children = (
				DB131484266608EB00FE19DC /* Extensions */,
				DB13147E2666007300FE19DC /* Services */,
				DB13147D2666006D00FE19DC /* Utils */,
				DB13147C2666005B00FE19DC /* Controllers */,
				DB13147B2666005000FE19DC /* View Models */,
				DB13147A2666003D00FE19DC /* Models */,
				DB13147F2666009700FE19DC /* Views */,
				DB131480266600A300FE19DC /* Delegates */,
				DB13146F2666000C00FE19DC /* Assets.xcassets */,
				DB13148C26665FCF00FE19DC /* GoogleService-Info.plist */,
				DB1314742666000C00FE19DC /* Info.plist */,
			);
			path = Sha_Uber_App_MVVM;
			sourceTree = "<group>";
		};
		DB13147A2666003D00FE19DC /* Models */ = {
			isa = PBXGroup;
			children = (
				DBEB7B0C2670C14A00B8535F /* UserModel.swift */,
			);
			path = Models;
			sourceTree = "<group>";
		};
		DB13147B2666005000FE19DC /* View Models */ = {
			isa = PBXGroup;
			children = (
				DB13148E2666667C00FE19DC /* AuthenticationViewModel.swift */,
				DBEB7B0A2670C12A00B8535F /* UserViewModel.swift */,
			);
			path = "View Models";
			sourceTree = "<group>";
		};
		DB13147C2666005B00FE19DC /* Controllers */ = {
			isa = PBXGroup;
			children = (
				DB131483266602FB00FE19DC /* Authentication */,
				DB131492266758D400FE19DC /* HomeViewController.swift */,
			);
			path = Controllers;
			sourceTree = "<group>";
		};
		DB13147D2666006D00FE19DC /* Utils */ = {
			isa = PBXGroup;
			children = (
			);
			path = Utils;
			sourceTree = "<group>";
		};
		DB13147E2666007300FE19DC /* Services */ = {
			isa = PBXGroup;
			children = (
				DB131490266666C800FE19DC /* AuthService.swift */,
				DBEB7B102670C83100B8535F /* ProfileService.swift */,
			);
			path = Services;
			sourceTree = "<group>";
		};
		DB13147F2666009700FE19DC /* Views */ = {
			isa = PBXGroup;
			children = (
				DB1314982667850200FE19DC /* LocationInputView.swift */,
				DB13149626676DD500FE19DC /* LocationInputActivationView.swift */,
				DB13148A2666590500FE19DC /* AuthButton.swift */,
				DB131489266658F400FE19DC /* StoryBoards */,
				DB13149A26680F4700FE19DC /* LocationCell.swift */,
			);
			path = Views;
			sourceTree = "<group>";
		};
		DB131480266600A300FE19DC /* Delegates */ = {
			isa = PBXGroup;
			children = (
				DB1314662666000A00FE19DC /* AppDelegate.swift */,
				DB1314682666000A00FE19DC /* SceneDelegate.swift */,
			);
			path = Delegates;
			sourceTree = "<group>";
		};
		DB131483266602FB00FE19DC /* Authentication */ = {
			isa = PBXGroup;
			children = (
				DB1314812666014000FE19DC /* LoginViewController.swift */,
				DB13148726664D8A00FE19DC /* RegistrationViewController.swift */,
			);
			path = Authentication;
			sourceTree = "<group>";
		};
		DB131484266608EB00FE19DC /* Extensions */ = {
			isa = PBXGroup;
			children = (
				DB1314852666090100FE19DC /* Extensions.swift */,
				DBEB7B1226721C4100B8535F /* LocationHandler.swift */,
			);
			path = Extensions;
			sourceTree = "<group>";
		};
		DB131489266658F400FE19DC /* StoryBoards */ = {
			isa = PBXGroup;
			children = (
				DB1314712666000C00FE19DC /* LaunchScreen.storyboard */,
				DB13146C2666000A00FE19DC /* Main.storyboard */,
			);
			path = StoryBoards;
			sourceTree = "<group>";
		};
/* End PBXGroup section */

/* Begin PBXNativeTarget section */
		DB1314622666000A00FE19DC /* Sha_Uber_App_MVVM */ = {
			isa = PBXNativeTarget;
			buildConfigurationList = DB1314772666000C00FE19DC /* Build configuration list for PBXNativeTarget "Sha_Uber_App_MVVM" */;
			buildPhases = (
				CE253C7C6A3F23BD4B9480DA /* [CP] Check Pods Manifest.lock */,
				DB13145F2666000A00FE19DC /* Sources */,
				DB1314602666000A00FE19DC /* Frameworks */,
				DB1314612666000A00FE19DC /* Resources */,
				EB6FC81ACE439AF1323A445D /* [CP] Embed Pods Frameworks */,
			);
			buildRules = (
			);
			dependencies = (
			);
			name = Sha_Uber_App_MVVM;
			productName = Sha_Uber_App_MVVM;
			productReference = DB1314632666000A00FE19DC /* Sha_Uber_App_MVVM.app */;
			productType = "com.apple.product-type.application";
		};
/* End PBXNativeTarget section */

/* Begin PBXProject section */
		DB13145B2666000A00FE19DC /* Project object */ = {
			isa = PBXProject;
			attributes = {
				LastSwiftUpdateCheck = 1250;
				LastUpgradeCheck = 1250;
				TargetAttributes = {
					DB1314622666000A00FE19DC = {
						CreatedOnToolsVersion = 12.5;
					};
				};
			};
			buildConfigurationList = DB13145E2666000A00FE19DC /* Build configuration list for PBXProject "Sha_Uber_App_MVVM" */;
			compatibilityVersion = "Xcode 9.3";
			developmentRegion = en;
			hasScannedForEncodings = 0;
			knownRegions = (
				en,
				Base,
			);
			mainGroup = DB13145A2666000A00FE19DC;
			productRefGroup = DB1314642666000A00FE19DC /* Products */;
			projectDirPath = "";
			projectRoot = "";
			targets = (
				DB1314622666000A00FE19DC /* Sha_Uber_App_MVVM */,
			);
		};
/* End PBXProject section */

/* Begin PBXResourcesBuildPhase section */
		DB1314612666000A00FE19DC /* Resources */ = {
			isa = PBXResourcesBuildPhase;
			buildActionMask = 2147483647;
			files = (
				DB1314732666000C00FE19DC /* LaunchScreen.storyboard in Resources */,
				DB13148D26665FCF00FE19DC /* GoogleService-Info.plist in Resources */,
				DB13149526675AA100FE19DC /* README.md in Resources */,
				DB1314702666000C00FE19DC /* Assets.xcassets in Resources */,
				DB13146E2666000A00FE19DC /* Main.storyboard in Resources */,
			);
			runOnlyForDeploymentPostprocessing = 0;
		};
/* End PBXResourcesBuildPhase section */

/* Begin PBXShellScriptBuildPhase section */
		CE253C7C6A3F23BD4B9480DA /* [CP] Check Pods Manifest.lock */ = {
			isa = PBXShellScriptBuildPhase;
			buildActionMask = 2147483647;
			files = (
			);
			inputFileListPaths = (
			);
			inputPaths = (
				"${PODS_PODFILE_DIR_PATH}/Podfile.lock",
				"${PODS_ROOT}/Manifest.lock",
			);
			name = "[CP] Check Pods Manifest.lock";
			outputFileListPaths = (
			);
			outputPaths = (
				"$(DERIVED_FILE_DIR)/Pods-Sha_Uber_App_MVVM-checkManifestLockResult.txt",
			);
			runOnlyForDeploymentPostprocessing = 0;
			shellPath = /bin/sh;
			shellScript = "diff \"${PODS_PODFILE_DIR_PATH}/Podfile.lock\" \"${PODS_ROOT}/Manifest.lock\" > /dev/null\nif [ $? != 0 ] ; then\n    # print error to STDERR\n    echo \"error: The sandbox is not in sync with the Podfile.lock. Run 'pod install' or update your CocoaPods installation.\" >&2\n    exit 1\nfi\n# This output is used by Xcode 'outputs' to avoid re-running this script phase.\necho \"SUCCESS\" > \"${SCRIPT_OUTPUT_FILE_0}\"\n";
			showEnvVarsInLog = 0;
		};
		EB6FC81ACE439AF1323A445D /* [CP] Embed Pods Frameworks */ = {
			isa = PBXShellScriptBuildPhase;
			buildActionMask = 2147483647;
			files = (
			);
			inputFileListPaths = (
				"${PODS_ROOT}/Target Support Files/Pods-Sha_Uber_App_MVVM/Pods-Sha_Uber_App_MVVM-frameworks-${CONFIGURATION}-input-files.xcfilelist",
			);
			name = "[CP] Embed Pods Frameworks";
			outputFileListPaths = (
				"${PODS_ROOT}/Target Support Files/Pods-Sha_Uber_App_MVVM/Pods-Sha_Uber_App_MVVM-frameworks-${CONFIGURATION}-output-files.xcfilelist",
			);
			runOnlyForDeploymentPostprocessing = 0;
			shellPath = /bin/sh;
			shellScript = "\"${PODS_ROOT}/Target Support Files/Pods-Sha_Uber_App_MVVM/Pods-Sha_Uber_App_MVVM-frameworks.sh\"\n";
			showEnvVarsInLog = 0;
		};
/* End PBXShellScriptBuildPhase section */

/* Begin PBXSourcesBuildPhase section */
		DB13145F2666000A00FE19DC /* Sources */ = {
			isa = PBXSourcesBuildPhase;
			buildActionMask = 2147483647;
			files = (
				DB13149726676DD500FE19DC /* LocationInputActivationView.swift in Sources */,
				DB1314822666014000FE19DC /* LoginViewController.swift in Sources */,
				DB13148B2666590500FE19DC /* AuthButton.swift in Sources */,
				DBEB7B112670C83100B8535F /* ProfileService.swift in Sources */,
				DB13148F2666667C00FE19DC /* AuthenticationViewModel.swift in Sources */,
				DB1314672666000A00FE19DC /* AppDelegate.swift in Sources */,
				DB1314692666000A00FE19DC /* SceneDelegate.swift in Sources */,
				DBEB7B1326721C4100B8535F /* LocationHandler.swift in Sources */,
				DB13149B26680F4700FE19DC /* LocationCell.swift in Sources */,
				DB131493266758D400FE19DC /* HomeViewController.swift in Sources */,
				DBEB7B0D2670C14A00B8535F /* UserModel.swift in Sources */,
				DB1314862666090100FE19DC /* Extensions.swift in Sources */,
				DBEB7B0B2670C12A00B8535F /* UserViewModel.swift in Sources */,
				DB13148826664D8A00FE19DC /* RegistrationViewController.swift in Sources */,
				DB131491266666C800FE19DC /* AuthService.swift in Sources */,
				DB1314992667850200FE19DC /* LocationInputView.swift in Sources */,
			);
			runOnlyForDeploymentPostprocessing = 0;
		};
/* End PBXSourcesBuildPhase section */

/* Begin PBXVariantGroup section */
		DB13146C2666000A00FE19DC /* Main.storyboard */ = {
			isa = PBXVariantGroup;
			children = (
				DB13146D2666000A00FE19DC /* Base */,
			);
			name = Main.storyboard;
			sourceTree = "<group>";
		};
		DB1314712666000C00FE19DC /* LaunchScreen.storyboard */ = {
			isa = PBXVariantGroup;
			children = (
				DB1314722666000C00FE19DC /* Base */,
			);
			name = LaunchScreen.storyboard;
			sourceTree = "<group>";
		};
/* End PBXVariantGroup section */

/* Begin XCBuildConfiguration section */
		DB1314752666000C00FE19DC /* Debug */ = {
			isa = XCBuildConfiguration;
			buildSettings = {
				ALWAYS_SEARCH_USER_PATHS = NO;
				CLANG_ANALYZER_NONNULL = YES;
				CLANG_ANALYZER_NUMBER_OBJECT_CONVERSION = YES_AGGRESSIVE;
				CLANG_CXX_LANGUAGE_STANDARD = "gnu++14";
				CLANG_CXX_LIBRARY = "libc++";
				CLANG_ENABLE_MODULES = YES;
				CLANG_ENABLE_OBJC_ARC = YES;
				CLANG_ENABLE_OBJC_WEAK = YES;
				CLANG_WARN_BLOCK_CAPTURE_AUTORELEASING = YES;
				CLANG_WARN_BOOL_CONVERSION = YES;
				CLANG_WARN_COMMA = YES;
				CLANG_WARN_CONSTANT_CONVERSION = YES;
				CLANG_WARN_DEPRECATED_OBJC_IMPLEMENTATIONS = YES;
				CLANG_WARN_DIRECT_OBJC_ISA_USAGE = YES_ERROR;
				CLANG_WARN_DOCUMENTATION_COMMENTS = YES;
				CLANG_WARN_EMPTY_BODY = YES;
				CLANG_WARN_ENUM_CONVERSION = YES;
				CLANG_WARN_INFINITE_RECURSION = YES;
				CLANG_WARN_INT_CONVERSION = YES;
				CLANG_WARN_NON_LITERAL_NULL_CONVERSION = YES;
				CLANG_WARN_OBJC_IMPLICIT_RETAIN_SELF = YES;
				CLANG_WARN_OBJC_LITERAL_CONVERSION = YES;
				CLANG_WARN_OBJC_ROOT_CLASS = YES_ERROR;
				CLANG_WARN_QUOTED_INCLUDE_IN_FRAMEWORK_HEADER = YES;
				CLANG_WARN_RANGE_LOOP_ANALYSIS = YES;
				CLANG_WARN_STRICT_PROTOTYPES = YES;
				CLANG_WARN_SUSPICIOUS_MOVE = YES;
				CLANG_WARN_UNGUARDED_AVAILABILITY = YES_AGGRESSIVE;
				CLANG_WARN_UNREACHABLE_CODE = YES;
				CLANG_WARN__DUPLICATE_METHOD_MATCH = YES;
				COPY_PHASE_STRIP = NO;
				DEBUG_INFORMATION_FORMAT = dwarf;
				ENABLE_STRICT_OBJC_MSGSEND = YES;
				ENABLE_TESTABILITY = YES;
				"EXCLUDED_ARCHS[sdk=iphonesimulator*]" = arm64;
				GCC_C_LANGUAGE_STANDARD = gnu11;
				GCC_DYNAMIC_NO_PIC = NO;
				GCC_NO_COMMON_BLOCKS = YES;
				GCC_OPTIMIZATION_LEVEL = 0;
				GCC_PREPROCESSOR_DEFINITIONS = (
					"DEBUG=1",
					"$(inherited)",
				);
				GCC_WARN_64_TO_32_BIT_CONVERSION = YES;
				GCC_WARN_ABOUT_RETURN_TYPE = YES_ERROR;
				GCC_WARN_UNDECLARED_SELECTOR = YES;
				GCC_WARN_UNINITIALIZED_AUTOS = YES_AGGRESSIVE;
				GCC_WARN_UNUSED_FUNCTION = YES;
				GCC_WARN_UNUSED_VARIABLE = YES;
				IPHONEOS_DEPLOYMENT_TARGET = 14.5;
				MTL_ENABLE_DEBUG_INFO = INCLUDE_SOURCE;
				MTL_FAST_MATH = YES;
				ONLY_ACTIVE_ARCH = YES;
				SDKROOT = iphoneos;
				SWIFT_ACTIVE_COMPILATION_CONDITIONS = DEBUG;
				SWIFT_OPTIMIZATION_LEVEL = "-Onone";
			};
			name = Debug;
		};
		DB1314762666000C00FE19DC /* Release */ = {
			isa = XCBuildConfiguration;
			buildSettings = {
				ALWAYS_SEARCH_USER_PATHS = NO;
				CLANG_ANALYZER_NONNULL = YES;
				CLANG_ANALYZER_NUMBER_OBJECT_CONVERSION = YES_AGGRESSIVE;
				CLANG_CXX_LANGUAGE_STANDARD = "gnu++14";
				CLANG_CXX_LIBRARY = "libc++";
				CLANG_ENABLE_MODULES = YES;
				CLANG_ENABLE_OBJC_ARC = YES;
				CLANG_ENABLE_OBJC_WEAK = YES;
				CLANG_WARN_BLOCK_CAPTURE_AUTORELEASING = YES;
				CLANG_WARN_BOOL_CONVERSION = YES;
				CLANG_WARN_COMMA = YES;
				CLANG_WARN_CONSTANT_CONVERSION = YES;
				CLANG_WARN_DEPRECATED_OBJC_IMPLEMENTATIONS = YES;
				CLANG_WARN_DIRECT_OBJC_ISA_USAGE = YES_ERROR;
				CLANG_WARN_DOCUMENTATION_COMMENTS = YES;
				CLANG_WARN_EMPTY_BODY = YES;
				CLANG_WARN_ENUM_CONVERSION = YES;
				CLANG_WARN_INFINITE_RECURSION = YES;
				CLANG_WARN_INT_CONVERSION = YES;
				CLANG_WARN_NON_LITERAL_NULL_CONVERSION = YES;
				CLANG_WARN_OBJC_IMPLICIT_RETAIN_SELF = YES;
				CLANG_WARN_OBJC_LITERAL_CONVERSION = YES;
				CLANG_WARN_OBJC_ROOT_CLASS = YES_ERROR;
				CLANG_WARN_QUOTED_INCLUDE_IN_FRAMEWORK_HEADER = YES;
				CLANG_WARN_RANGE_LOOP_ANALYSIS = YES;
				CLANG_WARN_STRICT_PROTOTYPES = YES;
				CLANG_WARN_SUSPICIOUS_MOVE = YES;
				CLANG_WARN_UNGUARDED_AVAILABILITY = YES_AGGRESSIVE;
				CLANG_WARN_UNREACHABLE_CODE = YES;
				CLANG_WARN__DUPLICATE_METHOD_MATCH = YES;
				COPY_PHASE_STRIP = NO;
				DEBUG_INFORMATION_FORMAT = "dwarf-with-dsym";
				ENABLE_NS_ASSERTIONS = NO;
				ENABLE_STRICT_OBJC_MSGSEND = YES;
				"EXCLUDED_ARCHS[sdk=iphonesimulator*]" = arm64;
				GCC_C_LANGUAGE_STANDARD = gnu11;
				GCC_NO_COMMON_BLOCKS = YES;
				GCC_WARN_64_TO_32_BIT_CONVERSION = YES;
				GCC_WARN_ABOUT_RETURN_TYPE = YES_ERROR;
				GCC_WARN_UNDECLARED_SELECTOR = YES;
				GCC_WARN_UNINITIALIZED_AUTOS = YES_AGGRESSIVE;
				GCC_WARN_UNUSED_FUNCTION = YES;
				GCC_WARN_UNUSED_VARIABLE = YES;
				IPHONEOS_DEPLOYMENT_TARGET = 14.5;
				MTL_ENABLE_DEBUG_INFO = NO;
				MTL_FAST_MATH = YES;
				SDKROOT = iphoneos;
				SWIFT_COMPILATION_MODE = wholemodule;
				SWIFT_OPTIMIZATION_LEVEL = "-O";
				VALIDATE_PRODUCT = YES;
			};
			name = Release;
		};
		DB1314782666000C00FE19DC /* Debug */ = {
			isa = XCBuildConfiguration;
			baseConfigurationReference = B077C79187FEFE839D02704A /* Pods-Sha_Uber_App_MVVM.debug.xcconfig */;
			buildSettings = {
				ASSETCATALOG_COMPILER_APPICON_NAME = AppIcon;
				ASSETCATALOG_COMPILER_GLOBAL_ACCENT_COLOR_NAME = AccentColor;
				CODE_SIGN_STYLE = Automatic;
				DEVELOPMENT_TEAM = 4RY75X5YM8;
				INFOPLIST_FILE = Sha_Uber_App_MVVM/Info.plist;
				LD_RUNPATH_SEARCH_PATHS = (
					"$(inherited)",
					"@executable_path/Frameworks",
				);
				PRODUCT_BUNDLE_IDENTIFIER = "co.akchan.Sha-Uber-App-MVVM";
				PRODUCT_NAME = "$(TARGET_NAME)";
				SWIFT_VERSION = 5.0;
				TARGETED_DEVICE_FAMILY = "1,2";
			};
			name = Debug;
		};
		DB1314792666000C00FE19DC /* Release */ = {
			isa = XCBuildConfiguration;
			baseConfigurationReference = 00061D6137370BB9D0A74CBA /* Pods-Sha_Uber_App_MVVM.release.xcconfig */;
			buildSettings = {
				ASSETCATALOG_COMPILER_APPICON_NAME = AppIcon;
				ASSETCATALOG_COMPILER_GLOBAL_ACCENT_COLOR_NAME = AccentColor;
				CODE_SIGN_STYLE = Automatic;
				DEVELOPMENT_TEAM = 4RY75X5YM8;
				INFOPLIST_FILE = Sha_Uber_App_MVVM/Info.plist;
				LD_RUNPATH_SEARCH_PATHS = (
					"$(inherited)",
					"@executable_path/Frameworks",
				);
				PRODUCT_BUNDLE_IDENTIFIER = "co.akchan.Sha-Uber-App-MVVM";
				PRODUCT_NAME = "$(TARGET_NAME)";
				SWIFT_VERSION = 5.0;
				TARGETED_DEVICE_FAMILY = "1,2";
			};
			name = Release;
		};
/* End XCBuildConfiguration section */

/* Begin XCConfigurationList section */
		DB13145E2666000A00FE19DC /* Build configuration list for PBXProject "Sha_Uber_App_MVVM" */ = {
			isa = XCConfigurationList;
			buildConfigurations = (
				DB1314752666000C00FE19DC /* Debug */,
				DB1314762666000C00FE19DC /* Release */,
			);
			defaultConfigurationIsVisible = 0;
			defaultConfigurationName = Release;
		};
		DB1314772666000C00FE19DC /* Build configuration list for PBXNativeTarget "Sha_Uber_App_MVVM" */ = {
			isa = XCConfigurationList;
			buildConfigurations = (
				DB1314782666000C00FE19DC /* Debug */,
				DB1314792666000C00FE19DC /* Release */,
			);
			defaultConfigurationIsVisible = 0;
			defaultConfigurationName = Release;
		};
/* End XCConfigurationList section */
	};
	rootObject = DB13145B2666000A00FE19DC /* Project object */;
}
